
Microsoft Visual Studio Solution File, Format Version 12.00
# Visual Studio Version 17
VisualStudioVersion = 17.0.31912.275
MinimumVisualStudioVersion = 10.0.40219.1
Project("{FAE04EC0-301F-11D3-BF4B-00C04F79EFBC}") = "Lesson1", "Lesson1\Lesson1.csproj", "{9CA9CB2A-F32D-4454-9CB8-13AB1C379CDE}"
EndProject
Project("{FAE04EC0-301F-11D3-BF4B-00C04F79EFBC}") = "Lesson2", "Lesson2\Lesson2.csproj", "{FF54182A-0DCF-483B-AC33-A4629A01DE69}"
EndProject
Project("{FAE04EC0-301F-11D3-BF4B-00C04F79EFBC}") = "Lesson3", "Lesson3\Lesson3.csproj", "{62435986-DCE4-4125-8460-0EF646CF2209}"
EndProject
Project("{FAE04EC0-301F-11D3-BF4B-00C04F79EFBC}") = "Lesson4", "Lesson4\Lesson4.csproj", "{DF958E7F-B3D6-41AC-8A06-728EA766CFE9}"
EndProject
Project("{FAE04EC0-301F-11D3-BF4B-00C04F79EFBC}") = "Lesson5", "Lesson5\Lesson5.csproj", "{CA006B10-D27A-4A46-AAC0-7B083629BB29}"
EndProject
Project("{FAE04EC0-301F-11D3-BF4B-00C04F79EFBC}") = "Lesson6", "Lesson6\Lesson6.csproj", "{1CF57C6B-B8F1-4515-938F-47D04372135C}"
EndProject
Global
	GlobalSection(SolutionConfigurationPlatforms) = preSolution
		Debug|Any CPU = Debug|Any CPU
		Release|Any CPU = Release|Any CPU
	EndGlobalSection
	GlobalSection(ProjectConfigurationPlatforms) = postSolution
		{9CA9CB2A-F32D-4454-9CB8-13AB1C379CDE}.Debug|Any CPU.ActiveCfg = Debug|Any CPU
		{9CA9CB2A-F32D-4454-9CB8-13AB1C379CDE}.Debug|Any CPU.Build.0 = Debug|Any CPU
		{9CA9CB2A-F32D-4454-9CB8-13AB1C379CDE}.Release|Any CPU.ActiveCfg = Release|Any CPU
		{9CA9CB2A-F32D-4454-9CB8-13AB1C379CDE}.Release|Any CPU.Build.0 = Release|Any CPU
		{FF54182A-0DCF-483B-AC33-A4629A01DE69}.Debug|Any CPU.ActiveCfg = Debug|Any CPU
		{FF54182A-0DCF-483B-AC33-A4629A01DE69}.Debug|Any CPU.Build.0 = Debug|Any CPU
		{FF54182A-0DCF-483B-AC33-A4629A01DE69}.Release|Any CPU.ActiveCfg = Release|Any CPU
		{FF54182A-0DCF-483B-AC33-A4629A01DE69}.Release|Any CPU.Build.0 = Release|Any CPU
		{62435986-DCE4-4125-8460-0EF646CF2209}.Debug|Any CPU.ActiveCfg = Debug|Any CPU
		{62435986-DCE4-4125-8460-0EF646CF2209}.Debug|Any CPU.Build.0 = Debug|Any CPU
		{62435986-DCE4-4125-8460-0EF646CF2209}.Release|Any CPU.ActiveCfg = Release|Any CPU
		{62435986-DCE4-4125-8460-0EF646CF2209}.Release|Any CPU.Build.0 = Release|Any CPU
		{DF958E7F-B3D6-41AC-8A06-728EA766CFE9}.Debug|Any CPU.ActiveCfg = Debug|Any CPU
		{DF958E7F-B3D6-41AC-8A06-728EA766CFE9}.Debug|Any CPU.Build.0 = Debug|Any CPU
		{DF958E7F-B3D6-41AC-8A06-728EA766CFE9}.Release|Any CPU.ActiveCfg = Release|Any CPU
		{DF958E7F-B3D6-41AC-8A06-728EA766CFE9}.Release|Any CPU.Build.0 = Release|Any CPU
		{CA006B10-D27A-4A46-AAC0-7B083629BB29}.Debug|Any CPU.ActiveCfg = Debug|Any CPU
		{CA006B10-D27A-4A46-AAC0-7B083629BB29}.Debug|Any CPU.Build.0 = Debug|Any CPU
		{CA006B10-D27A-4A46-AAC0-7B083629BB29}.Release|Any CPU.ActiveCfg = Release|Any CPU
		{CA006B10-D27A-4A46-AAC0-7B083629BB29}.Release|Any CPU.Build.0 = Release|Any CPU
		{1CF57C6B-B8F1-4515-938F-47D04372135C}.Debug|Any CPU.ActiveCfg = Debug|Any CPU
		{1CF57C6B-B8F1-4515-938F-47D04372135C}.Debug|Any CPU.Build.0 = Debug|Any CPU
		{1CF57C6B-B8F1-4515-938F-47D04372135C}.Release|Any CPU.ActiveCfg = Release|Any CPU
		{1CF57C6B-B8F1-4515-938F-47D04372135C}.Release|Any CPU.Build.0 = Release|Any CPU
	EndGlobalSection
	GlobalSection(SolutionProperties) = preSolution
		HideSolutionNode = FALSE
	EndGlobalSection
	GlobalSection(ExtensibilityGlobals) = postSolution
		SolutionGuid = {D9ECA5A8-2345-4776-BF65-1DDFDDF0E2BE}
	EndGlobalSection
EndGlobal
